
Microsoft Visual Studio Solution File, Format Version 12.00
# Visual Studio Version 17
VisualStudioVersion = 17.14.36915.13 d17.14
MinimumVisualStudioVersion = 10.0.40219.1
Project("{FAE04EC0-301F-11D3-BF4B-00C04F79EFBC}") = "CyberlinkGUI", "CyberlinkGUI\CyberlinkGUI.csproj", "{DD900E2D-E1DB-46E4-AD82-E8211EC37003}"
EndProject
Global
	GlobalSection(SolutionConfigurationPlatforms) = preSolution
		Debug|Any CPU = Debug|Any CPU
		Release|Any CPU = Release|Any CPU
	EndGlobalSection
	GlobalSection(ProjectConfigurationPlatforms) = postSolution
		{DD900E2D-E1DB-46E4-AD82-E8211EC37003}.Debug|Any CPU.ActiveCfg = Debug|Any CPU
		{DD900E2D-E1DB-46E4-AD82-E8211EC37003}.Debug|Any CPU.Build.0 = Debug|Any CPU
		{DD900E2D-E1DB-46E4-AD82-E8211EC37003}.Release|Any CPU.ActiveCfg = Release|Any CPU
		{DD900E2D-E1DB-46E4-AD82-E8211EC37003}.Release|Any CPU.Build.0 = Release|Any CPU
	EndGlobalSection
	GlobalSection(SolutionProperties) = preSolution
		HideSolutionNode = FALSE
	EndGlobalSection
	GlobalSection(ExtensibilityGlobals) = postSolution
		SolutionGuid = {37120953-77A8-4FC4-B77E-70D5FACCCB60}
	EndGlobalSection
EndGlobal
